
Microsoft Visual Studio Solution File, Format Version 12.00
# Visual Studio Version 16
VisualStudioVersion = 16.0.31702.278
MinimumVisualStudioVersion = 10.0.40219.1
Project("{FAE04EC0-301F-11D3-BF4B-00C04F79EFBC}") = "SpreadWin_Performance_v11", "SpreadWin_Performance_v11\SpreadWin_Performance_v11.csproj", "{7B204AD4-74CA-4104-A9DB-AF99B445E59D}"
EndProject
Global
	GlobalSection(SolutionConfigurationPlatforms) = preSolution
		Debug|Any CPU = Debug|Any CPU
		Release|Any CPU = Release|Any CPU
	EndGlobalSection
	GlobalSection(ProjectConfigurationPlatforms) = postSolution
		{7B204AD4-74CA-4104-A9DB-AF99B445E59D}.Debug|Any CPU.ActiveCfg = Debug|Any CPU
		{7B204AD4-74CA-4104-A9DB-AF99B445E59D}.Debug|Any CPU.Build.0 = Debug|Any CPU
		{7B204AD4-74CA-4104-A9DB-AF99B445E59D}.Release|Any CPU.ActiveCfg = Release|Any CPU
		{7B204AD4-74CA-4104-A9DB-AF99B445E59D}.Release|Any CPU.Build.0 = Release|Any CPU
	EndGlobalSection
	GlobalSection(SolutionProperties) = preSolution
		HideSolutionNode = FALSE
	EndGlobalSection
	GlobalSection(ExtensibilityGlobals) = postSolution
		SolutionGuid = {44E29554-1D29-4F6A-B952-19DB0B4EE5AD}
	EndGlobalSection
EndGlobal
