
Microsoft Visual Studio Solution File, Format Version 12.00
# Visual Studio Version 16
VisualStudioVersion = 16.0.31702.278
MinimumVisualStudioVersion = 10.0.40219.1
Project("{FAE04EC0-301F-11D3-BF4B-00C04F79EFBC}") = "SpreadWin_Performance_v10", "SpreadWin_Performance_v10\SpreadWin_Performance_v10.csproj", "{88ED3BC3-FABE-4814-9BF0-A0ABD4A5B770}"
EndProject
Global
	GlobalSection(SolutionConfigurationPlatforms) = preSolution
		Debug|Any CPU = Debug|Any CPU
		Release|Any CPU = Release|Any CPU
	EndGlobalSection
	GlobalSection(ProjectConfigurationPlatforms) = postSolution
		{88ED3BC3-FABE-4814-9BF0-A0ABD4A5B770}.Debug|Any CPU.ActiveCfg = Debug|Any CPU
		{88ED3BC3-FABE-4814-9BF0-A0ABD4A5B770}.Debug|Any CPU.Build.0 = Debug|Any CPU
		{88ED3BC3-FABE-4814-9BF0-A0ABD4A5B770}.Release|Any CPU.ActiveCfg = Release|Any CPU
		{88ED3BC3-FABE-4814-9BF0-A0ABD4A5B770}.Release|Any CPU.Build.0 = Release|Any CPU
	EndGlobalSection
	GlobalSection(SolutionProperties) = preSolution
		HideSolutionNode = FALSE
	EndGlobalSection
	GlobalSection(ExtensibilityGlobals) = postSolution
		SolutionGuid = {42E31A94-520E-4F4C-B109-8C417F29B039}
	EndGlobalSection
EndGlobal
